# THIS IS AN AUTOGENERATED FILE. DO NOT EDIT THIS FILE DIRECTLY.
# yarn lockfile v1


"@pixi/colord@^2.9.6":
  version "2.9.6"
  resolved "https://registry.yarnpkg.com/@pixi/colord/-/colord-2.9.6.tgz#7e4e7851480da6fd3cef4e331f008d60be7e1204"
  integrity sha512-nezytU2pw587fQstUu1AsJZDVEynjskwOL+kibwcdxsMBFqPsFFNA7xl0ii/gXuDi6M0xj3mfRJj8pBSc2jCfA==

"@types/css-font-loading-module@^0.0.12":
  version "0.0.12"
  resolved "https://registry.yarnpkg.com/@types/css-font-loading-module/-/css-font-loading-module-0.0.12.tgz#65494833928823f998fbe8e86312821875d80db5"
  integrity sha512-x2tZZYkSxXqWvTDgveSynfjq/T2HyiZHXb00j/+gy19yp70PHCizM48XFdjBCWH7eHBD0R5i/pw9yMBP/BH5uA==

"@types/earcut@^2.1.4":
  version "2.1.4"
  resolved "https://registry.yarnpkg.com/@types/earcut/-/earcut-2.1.4.tgz#5811d7d333048f5a7573b22ddc84923e69596da6"
  integrity sha512-qp3m9PPz4gULB9MhjGID7wpo3gJ4bTGXm7ltNDsmOvsPduTeHp8wSW9YckBj3mljeOh4F0m2z/0JKAALRKbmLQ==

"@webgpu/types@^0.1.40":
  version "0.1.42"
  resolved "https://registry.yarnpkg.com/@webgpu/types/-/types-0.1.42.tgz#02ce82ae7d486521064eda2e9c7e38697136afe9"
  integrity sha512-uvJtt4OD1Vjdebrrz3kNLgpOicYbikwnM8WPG6YD2lkCOHDtPdEtCINJFIFtbOCtPfA8SreR/vKyUNbAt92IwQ==

"@xmldom/xmldom@^0.8.10":
  version "0.8.10"
  resolved "https://registry.yarnpkg.com/@xmldom/xmldom/-/xmldom-0.8.10.tgz#a1337ca426aa61cef9fe15b5b28e340a72f6fa99"
  integrity sha512-2WALfTl4xo2SkGCYRt6rDTFfk9R1czmBvUQy12gK2KuRKIpWEhcbbzy8EZXtz/jkRqHX8bFEc6FC1HjX4TUWYw==

earcut@^2.2.4:
  version "2.2.4"
  resolved "https://registry.yarnpkg.com/earcut/-/earcut-2.2.4.tgz#6d02fd4d68160c114825d06890a92ecaae60343a"
  integrity sha512-/pjZsA1b4RPHbeWZQn66SWS8nZZWLQQ23oE3Eam7aroEFGEvwKAsJfZ9ytiEMycfzXWpca4FA9QIOehf7PocBQ==

eventemitter3@^5.0.1:
  version "5.0.1"
  resolved "https://registry.yarnpkg.com/eventemitter3/-/eventemitter3-5.0.1.tgz#53f5ffd0a492ac800721bb42c66b841de96423c4"
  integrity sha512-GWkBvjiSZK87ELrYOSESUYeVIc9mvLLf/nXalMOS5dYrgZq9o5OVkbZAVM06CVxYsCwH9BDZFPlQTlPA1j4ahA==

ismobilejs@^1.1.1:
  version "1.1.1"
  resolved "https://registry.yarnpkg.com/ismobilejs/-/ismobilejs-1.1.1.tgz#c56ca0ae8e52b24ca0f22ba5ef3215a2ddbbaa0e"
  integrity sha512-VaFW53yt8QO61k2WJui0dHf4SlL8lxBofUuUmwBo0ljPk0Drz2TiuDW4jo3wDcv41qy/SxrJ+VAzJ/qYqsmzRw==

parse-svg-path@^0.1.2:
  version "0.1.2"
  resolved "https://registry.yarnpkg.com/parse-svg-path/-/parse-svg-path-0.1.2.tgz#7a7ec0d1eb06fa5325c7d3e009b859a09b5d49eb"
  integrity sha512-JyPSBnkTJ0AI8GGJLfMXvKq42cj5c006fnLz6fXy6zfoVjJizi8BNTpu8on8ziI1cKy9d9DGNuY17Ce7wuejpQ==

pixi.js@v8.1.5:
  version "8.1.5"
  resolved "https://registry.yarnpkg.com/pixi.js/-/pixi.js-8.1.5.tgz#f5be0b6186953f881583871d3d44b988370e680b"
  integrity sha512-6Tpx4Pe00tAOfVuqJNlEk24XHCjaQ5hVwkXbeF7CBIO28G10HQSlr9dQOuLKsWx6RMrBaSpP6ujUhQ68Ok1x+w==
  dependencies:
    "@pixi/colord" "^2.9.6"
    "@types/css-font-loading-module" "^0.0.12"
    "@types/earcut" "^2.1.4"
    "@webgpu/types" "^0.1.40"
    "@xmldom/xmldom" "^0.8.10"
    earcut "^2.2.4"
    eventemitter3 "^5.0.1"
    ismobilejs "^1.1.1"
    parse-svg-path "^0.1.2"

prettier@3.3.0:
  version "3.3.0"
  resolved "https://registry.yarnpkg.com/prettier/-/prettier-3.3.0.tgz#d173ea0524a691d4c0b1181752f2b46724328cdf"
  integrity sha512-J9odKxERhCQ10OC2yb93583f6UnYutOeiV5i0zEDS7UGTdUt0u+y8erxl3lBKvwo/JHyyoEdXjwp4dke9oyZ/g==
